// !$*UTF8*$!
{
	archiveVersion = 1;
	classes = {
	};
	objectVersion = 50;
	objects = {

/* Begin PBXBuildFile section */
		B4516B990A4408814BFC5097 /* Pods_Smart_Trainer.framework in Frameworks */ = {isa = PBXBuildFile; fileRef = F14D1B8A8C0A10B1BADF52FD /* Pods_Smart_Trainer.framework */; };
		C218758B20F0CFCF0007E883 /* RealmDatabaseObjects.swift in Sources */ = {isa = PBXBuildFile; fileRef = C218758A20F0CFCF0007E883 /* RealmDatabaseObjects.swift */; };
		C222E52D2120121B003F5418 /* MealsViewController.swift in Sources */ = {isa = PBXBuildFile; fileRef = C222E52C2120121B003F5418 /* MealsViewController.swift */; };
		C222E52F21201518003F5418 /* NewMealViewController.swift in Sources */ = {isa = PBXBuildFile; fileRef = C222E52E21201518003F5418 /* NewMealViewController.swift */; };
		C222E53121201871003F5418 /* MealProductTableViewCell.swift in Sources */ = {isa = PBXBuildFile; fileRef = C222E53021201871003F5418 /* MealProductTableViewCell.swift */; };
		C25277BF21213E9800C1E1D2 /* MealTableViewCell.swift in Sources */ = {isa = PBXBuildFile; fileRef = C25277BE21213E9800C1E1D2 /* MealTableViewCell.swift */; };
		C28DE47120EE035600EDEB51 /* AppDelegate.swift in Sources */ = {isa = PBXBuildFile; fileRef = C28DE47020EE035600EDEB51 /* AppDelegate.swift */; };
		C28DE47620EE035600EDEB51 /* Main.storyboard in Resources */ = {isa = PBXBuildFile; fileRef = C28DE47420EE035600EDEB51 /* Main.storyboard */; };
		C28DE47820EE035800EDEB51 /* Assets.xcassets in Resources */ = {isa = PBXBuildFile; fileRef = C28DE47720EE035800EDEB51 /* Assets.xcassets */; };
		C28DE47B20EE035800EDEB51 /* LaunchScreen.storyboard in Resources */ = {isa = PBXBuildFile; fileRef = C28DE47920EE035800EDEB51 /* LaunchScreen.storyboard */; };
		C28DE48320EE052300EDEB51 /* PCFViewController.swift in Sources */ = {isa = PBXBuildFile; fileRef = C28DE48220EE052300EDEB51 /* PCFViewController.swift */; };
		C2A591D7211521340039BFD9 /* SelectableButtonWithID.swift in Sources */ = {isa = PBXBuildFile; fileRef = C2A591D6211521340039BFD9 /* SelectableButtonWithID.swift */; };
/* End PBXBuildFile section */

/* Begin PBXFileReference section */
		80877FF3A61F2D98508E257F /* Pods-Smart Trainer.release.xcconfig */ = {isa = PBXFileReference; includeInIndex = 1; lastKnownFileType = text.xcconfig; name = "Pods-Smart Trainer.release.xcconfig"; path = "Pods/Target Support Files/Pods-Smart Trainer/Pods-Smart Trainer.release.xcconfig"; sourceTree = "<group>"; };
		A59DA7D2732FF89851EA9FFC /* Pods-Smart Trainer.debug.xcconfig */ = {isa = PBXFileReference; includeInIndex = 1; lastKnownFileType = text.xcconfig; name = "Pods-Smart Trainer.debug.xcconfig"; path = "Pods/Target Support Files/Pods-Smart Trainer/Pods-Smart Trainer.debug.xcconfig"; sourceTree = "<group>"; };
		C218758A20F0CFCF0007E883 /* RealmDatabaseObjects.swift */ = {isa = PBXFileReference; lastKnownFileType = sourcecode.swift; path = RealmDatabaseObjects.swift; sourceTree = "<group>"; };
		C222E52C2120121B003F5418 /* MealsViewController.swift */ = {isa = PBXFileReference; lastKnownFileType = sourcecode.swift; path = MealsViewController.swift; sourceTree = "<group>"; };
		C222E52E21201518003F5418 /* NewMealViewController.swift */ = {isa = PBXFileReference; lastKnownFileType = sourcecode.swift; path = NewMealViewController.swift; sourceTree = "<group>"; };
		C222E53021201871003F5418 /* MealProductTableViewCell.swift */ = {isa = PBXFileReference; lastKnownFileType = sourcecode.swift; path = MealProductTableViewCell.swift; sourceTree = "<group>"; };
		C25277BE21213E9800C1E1D2 /* MealTableViewCell.swift */ = {isa = PBXFileReference; lastKnownFileType = sourcecode.swift; path = MealTableViewCell.swift; sourceTree = "<group>"; };
		C28DE46D20EE035600EDEB51 /* Smart Trainer.app */ = {isa = PBXFileReference; explicitFileType = wrapper.application; includeInIndex = 0; path = "Smart Trainer.app"; sourceTree = BUILT_PRODUCTS_DIR; };
		C28DE47020EE035600EDEB51 /* AppDelegate.swift */ = {isa = PBXFileReference; lastKnownFileType = sourcecode.swift; path = AppDelegate.swift; sourceTree = "<group>"; };
		C28DE47520EE035600EDEB51 /* Base */ = {isa = PBXFileReference; lastKnownFileType = file.storyboard; name = Base; path = Base.lproj/Main.storyboard; sourceTree = "<group>"; };
		C28DE47720EE035800EDEB51 /* Assets.xcassets */ = {isa = PBXFileReference; lastKnownFileType = folder.assetcatalog; path = Assets.xcassets; sourceTree = "<group>"; };
		C28DE47A20EE035800EDEB51 /* Base */ = {isa = PBXFileReference; lastKnownFileType = file.storyboard; name = Base; path = Base.lproj/LaunchScreen.storyboard; sourceTree = "<group>"; };
		C28DE47C20EE035800EDEB51 /* Info.plist */ = {isa = PBXFileReference; lastKnownFileType = text.plist.xml; path = Info.plist; sourceTree = "<group>"; };
		C28DE48220EE052300EDEB51 /* PCFViewController.swift */ = {isa = PBXFileReference; lastKnownFileType = sourcecode.swift; path = PCFViewController.swift; sourceTree = "<group>"; };
		C2A591D6211521340039BFD9 /* SelectableButtonWithID.swift */ = {isa = PBXFileReference; lastKnownFileType = sourcecode.swift; name = SelectableButtonWithID.swift; path = "Smart Trainer/SelectableButtonWithID.swift"; sourceTree = SOURCE_ROOT; };
		F14D1B8A8C0A10B1BADF52FD /* Pods_Smart_Trainer.framework */ = {isa = PBXFileReference; explicitFileType = wrapper.framework; includeInIndex = 0; path = Pods_Smart_Trainer.framework; sourceTree = BUILT_PRODUCTS_DIR; };
/* End PBXFileReference section */

/* Begin PBXFrameworksBuildPhase section */
		C28DE46A20EE035600EDEB51 /* Frameworks */ = {
			isa = PBXFrameworksBuildPhase;
			buildActionMask = 2147483647;
			files = (
				B4516B990A4408814BFC5097 /* Pods_Smart_Trainer.framework in Frameworks */,
			);
			runOnlyForDeploymentPostprocessing = 0;
		};
/* End PBXFrameworksBuildPhase section */

/* Begin PBXGroup section */
		26E4C4E01C73366CC525BEC5 /* Pods */ = {
			isa = PBXGroup;
			children = (
				A59DA7D2732FF89851EA9FFC /* Pods-Smart Trainer.debug.xcconfig */,
				80877FF3A61F2D98508E257F /* Pods-Smart Trainer.release.xcconfig */,
			);
			name = Pods;
			sourceTree = "<group>";
		};
		BDC8B68D61B9A5F87D3E22D4 /* Frameworks */ = {
			isa = PBXGroup;
			children = (
				F14D1B8A8C0A10B1BADF52FD /* Pods_Smart_Trainer.framework */,
			);
			name = Frameworks;
			sourceTree = "<group>";
		};
		C218758C20F0D08E0007E883 /* Model */ = {
			isa = PBXGroup;
			children = (
				C218758A20F0CFCF0007E883 /* RealmDatabaseObjects.swift */,
			);
			path = Model;
			sourceTree = "<group>";
		};
		C25277C021213EA100C1E1D2 /* MealsControllers */ = {
			isa = PBXGroup;
			children = (
				C222E52C2120121B003F5418 /* MealsViewController.swift */,
				C25277BE21213E9800C1E1D2 /* MealTableViewCell.swift */,
			);
			path = MealsControllers;
			sourceTree = "<group>";
		};
		C28DE46420EE035600EDEB51 = {
			isa = PBXGroup;
			children = (
				C28DE46F20EE035600EDEB51 /* Smart Trainer */,
				C28DE46E20EE035600EDEB51 /* Products */,
				26E4C4E01C73366CC525BEC5 /* Pods */,
				BDC8B68D61B9A5F87D3E22D4 /* Frameworks */,
			);
			sourceTree = "<group>";
		};
		C28DE46E20EE035600EDEB51 /* Products */ = {
			isa = PBXGroup;
			children = (
				C28DE46D20EE035600EDEB51 /* Smart Trainer.app */,
			);
			name = Products;
			sourceTree = "<group>";
		};
		C28DE46F20EE035600EDEB51 /* Smart Trainer */ = {
			isa = PBXGroup;
			children = (
				C28DE47020EE035600EDEB51 /* AppDelegate.swift */,
				C28DE47420EE035600EDEB51 /* Main.storyboard */,
				C28DE47720EE035800EDEB51 /* Assets.xcassets */,
				C28DE47920EE035800EDEB51 /* LaunchScreen.storyboard */,
				C28DE47C20EE035800EDEB51 /* Info.plist */,
				C2A591D6211521340039BFD9 /* SelectableButtonWithID.swift */,
				C2A591D5211520F50039BFD9 /* MVC */,
			);
			path = "Smart Trainer";
			sourceTree = "<group>";
		};
		C2A591D4211520DE0039BFD9 /* Controllers */ = {
			isa = PBXGroup;
			children = (
				C25277C021213EA100C1E1D2 /* MealsControllers */,
				C222E52E21201518003F5418 /* NewMealViewController.swift */,
				C222E53021201871003F5418 /* MealProductTableViewCell.swift */,
				C28DE48220EE052300EDEB51 /* PCFViewController.swift */,
			);
			path = Controllers;
			sourceTree = "<group>";
		};
		C2A591D5211520F50039BFD9 /* MVC */ = {
			isa = PBXGroup;
			children = (
				C2A591D4211520DE0039BFD9 /* Controllers */,
				C218758C20F0D08E0007E883 /* Model */,
			);
			path = MVC;
			sourceTree = "<group>";
		};
/* End PBXGroup section */

/* Begin PBXNativeTarget section */
		C28DE46C20EE035600EDEB51 /* Smart Trainer */ = {
			isa = PBXNativeTarget;
			buildConfigurationList = C28DE47F20EE035800EDEB51 /* Build configuration list for PBXNativeTarget "Smart Trainer" */;
			buildPhases = (
				39AF64D414B6709302301603 /* [CP] Check Pods Manifest.lock */,
				C28DE46920EE035600EDEB51 /* Sources */,
				C28DE46A20EE035600EDEB51 /* Frameworks */,
				C28DE46B20EE035600EDEB51 /* Resources */,
				DEAED0BFBA057C11E4896F49 /* [CP] Embed Pods Frameworks */,
			);
			buildRules = (
			);
			dependencies = (
			);
			name = "Smart Trainer";
			productName = "Smart Trainer";
			productReference = C28DE46D20EE035600EDEB51 /* Smart Trainer.app */;
			productType = "com.apple.product-type.application";
		};
/* End PBXNativeTarget section */

/* Begin PBXProject section */
		C28DE46520EE035600EDEB51 /* Project object */ = {
			isa = PBXProject;
			attributes = {
				LastSwiftUpdateCheck = 0940;
				LastUpgradeCheck = 0940;
				ORGANIZATIONNAME = "Dmitrii Semykin";
				TargetAttributes = {
					C28DE46C20EE035600EDEB51 = {
						CreatedOnToolsVersion = 9.4;
					};
				};
			};
			buildConfigurationList = C28DE46820EE035600EDEB51 /* Build configuration list for PBXProject "Smart Trainer" */;
			compatibilityVersion = "Xcode 9.3";
			developmentRegion = en;
			hasScannedForEncodings = 0;
			knownRegions = (
				en,
				Base,
			);
			mainGroup = C28DE46420EE035600EDEB51;
			productRefGroup = C28DE46E20EE035600EDEB51 /* Products */;
			projectDirPath = "";
			projectRoot = "";
			targets = (
				C28DE46C20EE035600EDEB51 /* Smart Trainer */,
			);
		};
/* End PBXProject section */

/* Begin PBXResourcesBuildPhase section */
		C28DE46B20EE035600EDEB51 /* Resources */ = {
			isa = PBXResourcesBuildPhase;
			buildActionMask = 2147483647;
			files = (
				C28DE47B20EE035800EDEB51 /* LaunchScreen.storyboard in Resources */,
				C28DE47820EE035800EDEB51 /* Assets.xcassets in Resources */,
				C28DE47620EE035600EDEB51 /* Main.storyboard in Resources */,
			);
			runOnlyForDeploymentPostprocessing = 0;
		};
/* End PBXResourcesBuildPhase section */

/* Begin PBXShellScriptBuildPhase section */
		39AF64D414B6709302301603 /* [CP] Check Pods Manifest.lock */ = {
			isa = PBXShellScriptBuildPhase;
			buildActionMask = 2147483647;
			files = (
			);
			inputPaths = (
				"${PODS_PODFILE_DIR_PATH}/Podfile.lock",
				"${PODS_ROOT}/Manifest.lock",
			);
			name = "[CP] Check Pods Manifest.lock";
			outputPaths = (
				"$(DERIVED_FILE_DIR)/Pods-Smart Trainer-checkManifestLockResult.txt",
			);
			runOnlyForDeploymentPostprocessing = 0;
			shellPath = /bin/sh;
			shellScript = "diff \"${PODS_PODFILE_DIR_PATH}/Podfile.lock\" \"${PODS_ROOT}/Manifest.lock\" > /dev/null\nif [ $? != 0 ] ; then\n    # print error to STDERR\n    echo \"error: The sandbox is not in sync with the Podfile.lock. Run 'pod install' or update your CocoaPods installation.\" >&2\n    exit 1\nfi\n# This output is used by Xcode 'outputs' to avoid re-running this script phase.\necho \"SUCCESS\" > \"${SCRIPT_OUTPUT_FILE_0}\"\n";
			showEnvVarsInLog = 0;
		};
		DEAED0BFBA057C11E4896F49 /* [CP] Embed Pods Frameworks */ = {
			isa = PBXShellScriptBuildPhase;
			buildActionMask = 2147483647;
			files = (
			);
			inputPaths = (
				"${SRCROOT}/Pods/Target Support Files/Pods-Smart Trainer/Pods-Smart Trainer-frameworks.sh",
				"${BUILT_PRODUCTS_DIR}/Charts/Charts.framework",
				"${BUILT_PRODUCTS_DIR}/Realm/Realm.framework",
				"${BUILT_PRODUCTS_DIR}/RealmSwift/RealmSwift.framework",
			);
			name = "[CP] Embed Pods Frameworks";
			outputPaths = (
				"${TARGET_BUILD_DIR}/${FRAMEWORKS_FOLDER_PATH}/Charts.framework",
				"${TARGET_BUILD_DIR}/${FRAMEWORKS_FOLDER_PATH}/Realm.framework",
				"${TARGET_BUILD_DIR}/${FRAMEWORKS_FOLDER_PATH}/RealmSwift.framework",
			);
			runOnlyForDeploymentPostprocessing = 0;
			shellPath = /bin/sh;
			shellScript = "\"${SRCROOT}/Pods/Target Support Files/Pods-Smart Trainer/Pods-Smart Trainer-frameworks.sh\"\n";
			showEnvVarsInLog = 0;
		};
/* End PBXShellScriptBuildPhase section */

/* Begin PBXSourcesBuildPhase section */
		C28DE46920EE035600EDEB51 /* Sources */ = {
			isa = PBXSourcesBuildPhase;
			buildActionMask = 2147483647;
			files = (
				C222E52F21201518003F5418 /* NewMealViewController.swift in Sources */,
				C2A591D7211521340039BFD9 /* SelectableButtonWithID.swift in Sources */,
				C218758B20F0CFCF0007E883 /* RealmDatabaseObjects.swift in Sources */,
				C222E52D2120121B003F5418 /* MealsViewController.swift in Sources */,
				C25277BF21213E9800C1E1D2 /* MealTableViewCell.swift in Sources */,
				C28DE48320EE052300EDEB51 /* PCFViewController.swift in Sources */,
				C222E53121201871003F5418 /* MealProductTableViewCell.swift in Sources */,
				C28DE47120EE035600EDEB51 /* AppDelegate.swift in Sources */,
			);
			runOnlyForDeploymentPostprocessing = 0;
		};
/* End PBXSourcesBuildPhase section */

/* Begin PBXVariantGroup section */
		C28DE47420EE035600EDEB51 /* Main.storyboard */ = {
			isa = PBXVariantGroup;
			children = (
				C28DE47520EE035600EDEB51 /* Base */,
			);
			name = Main.storyboard;
			sourceTree = "<group>";
		};
		C28DE47920EE035800EDEB51 /* LaunchScreen.storyboard */ = {
			isa = PBXVariantGroup;
			children = (
				C28DE47A20EE035800EDEB51 /* Base */,
			);
			name = LaunchScreen.storyboard;
			sourceTree = "<group>";
		};
/* End PBXVariantGroup section */

/* Begin XCBuildConfiguration section */
		C28DE47D20EE035800EDEB51 /* Debug */ = {
			isa = XCBuildConfiguration;
			buildSettings = {
				ALWAYS_SEARCH_USER_PATHS = NO;
				CLANG_ANALYZER_NONNULL = YES;
				CLANG_ANALYZER_NUMBER_OBJECT_CONVERSION = YES_AGGRESSIVE;
				CLANG_CXX_LANGUAGE_STANDARD = "gnu++14";
				CLANG_CXX_LIBRARY = "libc++";
				CLANG_ENABLE_MODULES = YES;
				CLANG_ENABLE_OBJC_ARC = YES;
				CLANG_ENABLE_OBJC_WEAK = YES;
				CLANG_WARN_BLOCK_CAPTURE_AUTORELEASING = YES;
				CLANG_WARN_BOOL_CONVERSION = YES;
				CLANG_WARN_COMMA = YES;
				CLANG_WARN_CONSTANT_CONVERSION = YES;
				CLANG_WARN_DEPRECATED_OBJC_IMPLEMENTATIONS = YES;
				CLANG_WARN_DIRECT_OBJC_ISA_USAGE = YES_ERROR;
				CLANG_WARN_DOCUMENTATION_COMMENTS = YES;
				CLANG_WARN_EMPTY_BODY = YES;
				CLANG_WARN_ENUM_CONVERSION = YES;
				CLANG_WARN_INFINITE_RECURSION = YES;
				CLANG_WARN_INT_CONVERSION = YES;
				CLANG_WARN_NON_LITERAL_NULL_CONVERSION = YES;
				CLANG_WARN_OBJC_IMPLICIT_RETAIN_SELF = YES;
				CLANG_WARN_OBJC_LITERAL_CONVERSION = YES;
				CLANG_WARN_OBJC_ROOT_CLASS = YES_ERROR;
				CLANG_WARN_RANGE_LOOP_ANALYSIS = YES;
				CLANG_WARN_STRICT_PROTOTYPES = YES;
				CLANG_WARN_SUSPICIOUS_MOVE = YES;
				CLANG_WARN_UNGUARDED_AVAILABILITY = YES_AGGRESSIVE;
				CLANG_WARN_UNREACHABLE_CODE = YES;
				CLANG_WARN__DUPLICATE_METHOD_MATCH = YES;
				CODE_SIGN_IDENTITY = "iPhone Developer";
				COPY_PHASE_STRIP = NO;
				DEBUG_INFORMATION_FORMAT = dwarf;
				ENABLE_STRICT_OBJC_MSGSEND = YES;
				ENABLE_TESTABILITY = YES;
				GCC_C_LANGUAGE_STANDARD = gnu11;
				GCC_DYNAMIC_NO_PIC = NO;
				GCC_NO_COMMON_BLOCKS = YES;
				GCC_OPTIMIZATION_LEVEL = 0;
				GCC_PREPROCESSOR_DEFINITIONS = (
					"DEBUG=1",
					"$(inherited)",
				);
				GCC_WARN_64_TO_32_BIT_CONVERSION = YES;
				GCC_WARN_ABOUT_RETURN_TYPE = YES_ERROR;
				GCC_WARN_UNDECLARED_SELECTOR = YES;
				GCC_WARN_UNINITIALIZED_AUTOS = YES_AGGRESSIVE;
				GCC_WARN_UNUSED_FUNCTION = YES;
				GCC_WARN_UNUSED_VARIABLE = YES;
				IPHONEOS_DEPLOYMENT_TARGET = 11.4;
				MTL_ENABLE_DEBUG_INFO = YES;
				ONLY_ACTIVE_ARCH = YES;
				SDKROOT = iphoneos;
				SWIFT_ACTIVE_COMPILATION_CONDITIONS = DEBUG;
				SWIFT_OPTIMIZATION_LEVEL = "-Onone";
			};
			name = Debug;
		};
		C28DE47E20EE035800EDEB51 /* Release */ = {
			isa = XCBuildConfiguration;
			buildSettings = {
				ALWAYS_SEARCH_USER_PATHS = NO;
				CLANG_ANALYZER_NONNULL = YES;
				CLANG_ANALYZER_NUMBER_OBJECT_CONVERSION = YES_AGGRESSIVE;
				CLANG_CXX_LANGUAGE_STANDARD = "gnu++14";
				CLANG_CXX_LIBRARY = "libc++";
				CLANG_ENABLE_MODULES = YES;
				CLANG_ENABLE_OBJC_ARC = YES;
				CLANG_ENABLE_OBJC_WEAK = YES;
				CLANG_WARN_BLOCK_CAPTURE_AUTORELEASING = YES;
				CLANG_WARN_BOOL_CONVERSION = YES;
				CLANG_WARN_COMMA = YES;
				CLANG_WARN_CONSTANT_CONVERSION = YES;
				CLANG_WARN_DEPRECATED_OBJC_IMPLEMENTATIONS = YES;
				CLANG_WARN_DIRECT_OBJC_ISA_USAGE = YES_ERROR;
				CLANG_WARN_DOCUMENTATION_COMMENTS = YES;
				CLANG_WARN_EMPTY_BODY = YES;
				CLANG_WARN_ENUM_CONVERSION = YES;
				CLANG_WARN_INFINITE_RECURSION = YES;
				CLANG_WARN_INT_CONVERSION = YES;
				CLANG_WARN_NON_LITERAL_NULL_CONVERSION = YES;
				CLANG_WARN_OBJC_IMPLICIT_RETAIN_SELF = YES;
				CLANG_WARN_OBJC_LITERAL_CONVERSION = YES;
				CLANG_WARN_OBJC_ROOT_CLASS = YES_ERROR;
				CLANG_WARN_RANGE_LOOP_ANALYSIS = YES;
				CLANG_WARN_STRICT_PROTOTYPES = YES;
				CLANG_WARN_SUSPICIOUS_MOVE = YES;
				CLANG_WARN_UNGUARDED_AVAILABILITY = YES_AGGRESSIVE;
				CLANG_WARN_UNREACHABLE_CODE = YES;
				CLANG_WARN__DUPLICATE_METHOD_MATCH = YES;
				CODE_SIGN_IDENTITY = "iPhone Developer";
				COPY_PHASE_STRIP = NO;
				DEBUG_INFORMATION_FORMAT = "dwarf-with-dsym";
				ENABLE_NS_ASSERTIONS = NO;
				ENABLE_STRICT_OBJC_MSGSEND = YES;
				GCC_C_LANGUAGE_STANDARD = gnu11;
				GCC_NO_COMMON_BLOCKS = YES;
				GCC_WARN_64_TO_32_BIT_CONVERSION = YES;
				GCC_WARN_ABOUT_RETURN_TYPE = YES_ERROR;
				GCC_WARN_UNDECLARED_SELECTOR = YES;
				GCC_WARN_UNINITIALIZED_AUTOS = YES_AGGRESSIVE;
				GCC_WARN_UNUSED_FUNCTION = YES;
				GCC_WARN_UNUSED_VARIABLE = YES;
				IPHONEOS_DEPLOYMENT_TARGET = 11.4;
				MTL_ENABLE_DEBUG_INFO = NO;
				SDKROOT = iphoneos;
				SWIFT_COMPILATION_MODE = wholemodule;
				SWIFT_OPTIMIZATION_LEVEL = "-O";
				VALIDATE_PRODUCT = YES;
			};
			name = Release;
		};
		C28DE48020EE035800EDEB51 /* Debug */ = {
			isa = XCBuildConfiguration;
			baseConfigurationReference = A59DA7D2732FF89851EA9FFC /* Pods-Smart Trainer.debug.xcconfig */;
			buildSettings = {
				ASSETCATALOG_COMPILER_APPICON_NAME = AppIcon;
				CODE_SIGN_STYLE = Automatic;
				DEVELOPMENT_TEAM = QJEPU8BE9Z;
				INFOPLIST_FILE = "Smart Trainer/Info.plist";
				LD_RUNPATH_SEARCH_PATHS = (
					"$(inherited)",
					"@executable_path/Frameworks",
				);
				PRODUCT_BUNDLE_IDENTIFIER = "com.dmitriisemykin.Smart-Trainer";
				PRODUCT_NAME = "$(TARGET_NAME)";
				SWIFT_VERSION = 4.0;
				TARGETED_DEVICE_FAMILY = "1,2";
			};
			name = Debug;
		};
		C28DE48120EE035800EDEB51 /* Release */ = {
			isa = XCBuildConfiguration;
			baseConfigurationReference = 80877FF3A61F2D98508E257F /* Pods-Smart Trainer.release.xcconfig */;
			buildSettings = {
				ASSETCATALOG_COMPILER_APPICON_NAME = AppIcon;
				CODE_SIGN_STYLE = Automatic;
				DEVELOPMENT_TEAM = QJEPU8BE9Z;
				INFOPLIST_FILE = "Smart Trainer/Info.plist";
				LD_RUNPATH_SEARCH_PATHS = (
					"$(inherited)",
					"@executable_path/Frameworks",
				);
				PRODUCT_BUNDLE_IDENTIFIER = "com.dmitriisemykin.Smart-Trainer";
				PRODUCT_NAME = "$(TARGET_NAME)";
				SWIFT_VERSION = 4.0;
				TARGETED_DEVICE_FAMILY = "1,2";
			};
			name = Release;
		};
/* End XCBuildConfiguration section */

/* Begin XCConfigurationList section */
		C28DE46820EE035600EDEB51 /* Build configuration list for PBXProject "Smart Trainer" */ = {
			isa = XCConfigurationList;
			buildConfigurations = (
				C28DE47D20EE035800EDEB51 /* Debug */,
				C28DE47E20EE035800EDEB51 /* Release */,
			);
			defaultConfigurationIsVisible = 0;
			defaultConfigurationName = Release;
		};
		C28DE47F20EE035800EDEB51 /* Build configuration list for PBXNativeTarget "Smart Trainer" */ = {
			isa = XCConfigurationList;
			buildConfigurations = (
				C28DE48020EE035800EDEB51 /* Debug */,
				C28DE48120EE035800EDEB51 /* Release */,
			);
			defaultConfigurationIsVisible = 0;
			defaultConfigurationName = Release;
		};
/* End XCConfigurationList section */
	};
	rootObject = C28DE46520EE035600EDEB51 /* Project object */;
}
